// !$*UTF8*$!
{
	archiveVersion = 1;
	classes = {
	};
	objectVersion = 50;
	objects = {

/* Begin PBXBuildFile section */
		C2874C1B21EFF27E00E64E86 /* AppDelegate.swift in Sources */ = {isa = PBXBuildFile; fileRef = C2874C1A21EFF27E00E64E86 /* AppDelegate.swift */; };
		C2874C1D21EFF27E00E64E86 /* ViewController.swift in Sources */ = {isa = PBXBuildFile; fileRef = C2874C1C21EFF27E00E64E86 /* ViewController.swift */; };
		C2874C2021EFF27E00E64E86 /* Main.storyboard in Resources */ = {isa = PBXBuildFile; fileRef = C2874C1E21EFF27E00E64E86 /* Main.storyboard */; };
		C2874C2221EFF27F00E64E86 /* Assets.xcassets in Resources */ = {isa = PBXBuildFile; fileRef = C2874C2121EFF27F00E64E86 /* Assets.xcassets */; };
		C2874C2521EFF27F00E64E86 /* LaunchScreen.storyboard in Resources */ = {isa = PBXBuildFile; fileRef = C2874C2321EFF27F00E64E86 /* LaunchScreen.storyboard */; };
		C2874C3021EFF27F00E64E86 /* TumblrTests.swift in Sources */ = {isa = PBXBuildFile; fileRef = C2874C2F21EFF27F00E64E86 /* TumblrTests.swift */; };
		C2874C3B21EFF27F00E64E86 /* TumblrUITests.swift in Sources */ = {isa = PBXBuildFile; fileRef = C2874C3A21EFF27F00E64E86 /* TumblrUITests.swift */; };
/* End PBXBuildFile section */

/* Begin PBXContainerItemProxy section */
		C2874C2C21EFF27F00E64E86 /* PBXContainerItemProxy */ = {
			isa = PBXContainerItemProxy;
			containerPortal = C2874C0F21EFF27D00E64E86 /* Project object */;
			proxyType = 1;
			remoteGlobalIDString = C2874C1621EFF27D00E64E86;
			remoteInfo = Tumblr;
		};
		C2874C3721EFF27F00E64E86 /* PBXContainerItemProxy */ = {
			isa = PBXContainerItemProxy;
			containerPortal = C2874C0F21EFF27D00E64E86 /* Project object */;
			proxyType = 1;
			remoteGlobalIDString = C2874C1621EFF27D00E64E86;
			remoteInfo = Tumblr;
		};
/* End PBXContainerItemProxy section */

/* Begin PBXFileReference section */
		C2874C1721EFF27E00E64E86 /* Tumblr.app */ = {isa = PBXFileReference; explicitFileType = wrapper.application; includeInIndex = 0; path = Tumblr.app; sourceTree = BUILT_PRODUCTS_DIR; };
		C2874C1A21EFF27E00E64E86 /* AppDelegate.swift */ = {isa = PBXFileReference; lastKnownFileType = sourcecode.swift; path = AppDelegate.swift; sourceTree = "<group>"; };
		C2874C1C21EFF27E00E64E86 /* ViewController.swift */ = {isa = PBXFileReference; lastKnownFileType = sourcecode.swift; path = ViewController.swift; sourceTree = "<group>"; };
		C2874C1F21EFF27E00E64E86 /* Base */ = {isa = PBXFileReference; lastKnownFileType = file.storyboard; name = Base; path = Base.lproj/Main.storyboard; sourceTree = "<group>"; };
		C2874C2121EFF27F00E64E86 /* Assets.xcassets */ = {isa = PBXFileReference; lastKnownFileType = folder.assetcatalog; path = Assets.xcassets; sourceTree = "<group>"; };
		C2874C2421EFF27F00E64E86 /* Base */ = {isa = PBXFileReference; lastKnownFileType = file.storyboard; name = Base; path = Base.lproj/LaunchScreen.storyboard; sourceTree = "<group>"; };
		C2874C2621EFF27F00E64E86 /* Info.plist */ = {isa = PBXFileReference; lastKnownFileType = text.plist.xml; path = Info.plist; sourceTree = "<group>"; };
		C2874C2B21EFF27F00E64E86 /* TumblrTests.xctest */ = {isa = PBXFileReference; explicitFileType = wrapper.cfbundle; includeInIndex = 0; path = TumblrTests.xctest; sourceTree = BUILT_PRODUCTS_DIR; };
		C2874C2F21EFF27F00E64E86 /* TumblrTests.swift */ = {isa = PBXFileReference; lastKnownFileType = sourcecode.swift; path = TumblrTests.swift; sourceTree = "<group>"; };
		C2874C3121EFF27F00E64E86 /* Info.plist */ = {isa = PBXFileReference; lastKnownFileType = text.plist.xml; path = Info.plist; sourceTree = "<group>"; };
		C2874C3621EFF27F00E64E86 /* TumblrUITests.xctest */ = {isa = PBXFileReference; explicitFileType = wrapper.cfbundle; includeInIndex = 0; path = TumblrUITests.xctest; sourceTree = BUILT_PRODUCTS_DIR; };
		C2874C3A21EFF27F00E64E86 /* TumblrUITests.swift */ = {isa = PBXFileReference; lastKnownFileType = sourcecode.swift; path = TumblrUITests.swift; sourceTree = "<group>"; };
		C2874C3C21EFF27F00E64E86 /* Info.plist */ = {isa = PBXFileReference; lastKnownFileType = text.plist.xml; path = Info.plist; sourceTree = "<group>"; };
/* End PBXFileReference section */

/* Begin PBXFrameworksBuildPhase section */
		C2874C1421EFF27D00E64E86 /* Frameworks */ = {
			isa = PBXFrameworksBuildPhase;
			buildActionMask = 2147483647;
			files = (
			);
			runOnlyForDeploymentPostprocessing = 0;
		};
		C2874C2821EFF27F00E64E86 /* Frameworks */ = {
			isa = PBXFrameworksBuildPhase;
			buildActionMask = 2147483647;
			files = (
			);
			runOnlyForDeploymentPostprocessing = 0;
		};
		C2874C3321EFF27F00E64E86 /* Frameworks */ = {
			isa = PBXFrameworksBuildPhase;
			buildActionMask = 2147483647;
			files = (
			);
			runOnlyForDeploymentPostprocessing = 0;
		};
/* End PBXFrameworksBuildPhase section */

/* Begin PBXGroup section */
		C2874C0E21EFF27D00E64E86 = {
			isa = PBXGroup;
			children = (
				C2874C1921EFF27E00E64E86 /* Tumblr */,
				C2874C2E21EFF27F00E64E86 /* TumblrTests */,
				C2874C3921EFF27F00E64E86 /* TumblrUITests */,
				C2874C1821EFF27E00E64E86 /* Products */,
			);
			sourceTree = "<group>";
		};
		C2874C1821EFF27E00E64E86 /* Products */ = {
			isa = PBXGroup;
			children = (
				C2874C1721EFF27E00E64E86 /* Tumblr.app */,
				C2874C2B21EFF27F00E64E86 /* TumblrTests.xctest */,
				C2874C3621EFF27F00E64E86 /* TumblrUITests.xctest */,
			);
			name = Products;
			sourceTree = "<group>";
		};
		C2874C1921EFF27E00E64E86 /* Tumblr */ = {
			isa = PBXGroup;
			children = (
				C2874C1A21EFF27E00E64E86 /* AppDelegate.swift */,
				C2874C1C21EFF27E00E64E86 /* ViewController.swift */,
				C2874C1E21EFF27E00E64E86 /* Main.storyboard */,
				C2874C2121EFF27F00E64E86 /* Assets.xcassets */,
				C2874C2321EFF27F00E64E86 /* LaunchScreen.storyboard */,
				C2874C2621EFF27F00E64E86 /* Info.plist */,
			);
			path = Tumblr;
			sourceTree = "<group>";
		};
		C2874C2E21EFF27F00E64E86 /* TumblrTests */ = {
			isa = PBXGroup;
			children = (
				C2874C2F21EFF27F00E64E86 /* TumblrTests.swift */,
				C2874C3121EFF27F00E64E86 /* Info.plist */,
			);
			path = TumblrTests;
			sourceTree = "<group>";
		};
		C2874C3921EFF27F00E64E86 /* TumblrUITests */ = {
			isa = PBXGroup;
			children = (
				C2874C3A21EFF27F00E64E86 /* TumblrUITests.swift */,
				C2874C3C21EFF27F00E64E86 /* Info.plist */,
			);
			path = TumblrUITests;
			sourceTree = "<group>";
		};
/* End PBXGroup section */

/* Begin PBXNativeTarget section */
		C2874C1621EFF27D00E64E86 /* Tumblr */ = {
			isa = PBXNativeTarget;
			buildConfigurationList = C2874C3F21EFF27F00E64E86 /* Build configuration list for PBXNativeTarget "Tumblr" */;
			buildPhases = (
				C2874C1321EFF27D00E64E86 /* Sources */,
				C2874C1421EFF27D00E64E86 /* Frameworks */,
				C2874C1521EFF27D00E64E86 /* Resources */,
			);
			buildRules = (
			);
			dependencies = (
			);
			name = Tumblr;
			productName = Tumblr;
			productReference = C2874C1721EFF27E00E64E86 /* Tumblr.app */;
			productType = "com.apple.product-type.application";
		};
		C2874C2A21EFF27F00E64E86 /* TumblrTests */ = {
			isa = PBXNativeTarget;
			buildConfigurationList = C2874C4221EFF27F00E64E86 /* Build configuration list for PBXNativeTarget "TumblrTests" */;
			buildPhases = (
				C2874C2721EFF27F00E64E86 /* Sources */,
				C2874C2821EFF27F00E64E86 /* Frameworks */,
				C2874C2921EFF27F00E64E86 /* Resources */,
			);
			buildRules = (
			);
			dependencies = (
				C2874C2D21EFF27F00E64E86 /* PBXTargetDependency */,
			);
			name = TumblrTests;
			productName = TumblrTests;
			productReference = C2874C2B21EFF27F00E64E86 /* TumblrTests.xctest */;
			productType = "com.apple.product-type.bundle.unit-test";
		};
		C2874C3521EFF27F00E64E86 /* TumblrUITests */ = {
			isa = PBXNativeTarget;
			buildConfigurationList = C2874C4521EFF27F00E64E86 /* Build configuration list for PBXNativeTarget "TumblrUITests" */;
			buildPhases = (
				C2874C3221EFF27F00E64E86 /* Sources */,
				C2874C3321EFF27F00E64E86 /* Frameworks */,
				C2874C3421EFF27F00E64E86 /* Resources */,
			);
			buildRules = (
			);
			dependencies = (
				C2874C3821EFF27F00E64E86 /* PBXTargetDependency */,
			);
			name = TumblrUITests;
			productName = TumblrUITests;
			productReference = C2874C3621EFF27F00E64E86 /* TumblrUITests.xctest */;
			productType = "com.apple.product-type.bundle.ui-testing";
		};
/* End PBXNativeTarget section */

/* Begin PBXProject section */
		C2874C0F21EFF27D00E64E86 /* Project object */ = {
			isa = PBXProject;
			attributes = {
				LastSwiftUpdateCheck = 1010;
				LastUpgradeCheck = 1010;
				ORGANIZATIONNAME = "이승헌";
				TargetAttributes = {
					C2874C1621EFF27D00E64E86 = {
						CreatedOnToolsVersion = 10.1;
					};
					C2874C2A21EFF27F00E64E86 = {
						CreatedOnToolsVersion = 10.1;
						TestTargetID = C2874C1621EFF27D00E64E86;
					};
					C2874C3521EFF27F00E64E86 = {
						CreatedOnToolsVersion = 10.1;
						TestTargetID = C2874C1621EFF27D00E64E86;
					};
				};
			};
			buildConfigurationList = C2874C1221EFF27D00E64E86 /* Build configuration list for PBXProject "Tumblr" */;
			compatibilityVersion = "Xcode 9.3";
			developmentRegion = en;
			hasScannedForEncodings = 0;
			knownRegions = (
				en,
				Base,
			);
			mainGroup = C2874C0E21EFF27D00E64E86;
			productRefGroup = C2874C1821EFF27E00E64E86 /* Products */;
			projectDirPath = "";
			projectRoot = "";
			targets = (
				C2874C1621EFF27D00E64E86 /* Tumblr */,
				C2874C2A21EFF27F00E64E86 /* TumblrTests */,
				C2874C3521EFF27F00E64E86 /* TumblrUITests */,
			);
		};
/* End PBXProject section */

/* Begin PBXResourcesBuildPhase section */
		C2874C1521EFF27D00E64E86 /* Resources */ = {
			isa = PBXResourcesBuildPhase;
			buildActionMask = 2147483647;
			files = (
				C2874C2521EFF27F00E64E86 /* LaunchScreen.storyboard in Resources */,
				C2874C2221EFF27F00E64E86 /* Assets.xcassets in Resources */,
				C2874C2021EFF27E00E64E86 /* Main.storyboard in Resources */,
			);
			runOnlyForDeploymentPostprocessing = 0;
		};
		C2874C2921EFF27F00E64E86 /* Resources */ = {
			isa = PBXResourcesBuildPhase;
			buildActionMask = 2147483647;
			files = (
			);
			runOnlyForDeploymentPostprocessing = 0;
		};
		C2874C3421EFF27F00E64E86 /* Resources */ = {
			isa = PBXResourcesBuildPhase;
			buildActionMask = 2147483647;
			files = (
			);
			runOnlyForDeploymentPostprocessing = 0;
		};
/* End PBXResourcesBuildPhase section */

/* Begin PBXSourcesBuildPhase section */
		C2874C1321EFF27D00E64E86 /* Sources */ = {
			isa = PBXSourcesBuildPhase;
			buildActionMask = 2147483647;
			files = (
				C2874C1D21EFF27E00E64E86 /* ViewController.swift in Sources */,
				C2874C1B21EFF27E00E64E86 /* AppDelegate.swift in Sources */,
			);
			runOnlyForDeploymentPostprocessing = 0;
		};
		C2874C2721EFF27F00E64E86 /* Sources */ = {
			isa = PBXSourcesBuildPhase;
			buildActionMask = 2147483647;
			files = (
				C2874C3021EFF27F00E64E86 /* TumblrTests.swift in Sources */,
			);
			runOnlyForDeploymentPostprocessing = 0;
		};
		C2874C3221EFF27F00E64E86 /* Sources */ = {
			isa = PBXSourcesBuildPhase;
			buildActionMask = 2147483647;
			files = (
				C2874C3B21EFF27F00E64E86 /* TumblrUITests.swift in Sources */,
			);
			runOnlyForDeploymentPostprocessing = 0;
		};
/* End PBXSourcesBuildPhase section */

/* Begin PBXTargetDependency section */
		C2874C2D21EFF27F00E64E86 /* PBXTargetDependency */ = {
			isa = PBXTargetDependency;
			target = C2874C1621EFF27D00E64E86 /* Tumblr */;
			targetProxy = C2874C2C21EFF27F00E64E86 /* PBXContainerItemProxy */;
		};
		C2874C3821EFF27F00E64E86 /* PBXTargetDependency */ = {
			isa = PBXTargetDependency;
			target = C2874C1621EFF27D00E64E86 /* Tumblr */;
			targetProxy = C2874C3721EFF27F00E64E86 /* PBXContainerItemProxy */;
		};
/* End PBXTargetDependency section */

/* Begin PBXVariantGroup section */
		C2874C1E21EFF27E00E64E86 /* Main.storyboard */ = {
			isa = PBXVariantGroup;
			children = (
				C2874C1F21EFF27E00E64E86 /* Base */,
			);
			name = Main.storyboard;
			sourceTree = "<group>";
		};
		C2874C2321EFF27F00E64E86 /* LaunchScreen.storyboard */ = {
			isa = PBXVariantGroup;
			children = (
				C2874C2421EFF27F00E64E86 /* Base */,
			);
			name = LaunchScreen.storyboard;
			sourceTree = "<group>";
		};
/* End PBXVariantGroup section */

/* Begin XCBuildConfiguration section */
		C2874C3D21EFF27F00E64E86 /* Debug */ = {
			isa = XCBuildConfiguration;
			buildSettings = {
				ALWAYS_SEARCH_USER_PATHS = NO;
				CLANG_ANALYZER_NONNULL = YES;
				CLANG_ANALYZER_NUMBER_OBJECT_CONVERSION = YES_AGGRESSIVE;
				CLANG_CXX_LANGUAGE_STANDARD = "gnu++14";
				CLANG_CXX_LIBRARY = "libc++";
				CLANG_ENABLE_MODULES = YES;
				CLANG_ENABLE_OBJC_ARC = YES;
				CLANG_ENABLE_OBJC_WEAK = YES;
				CLANG_WARN_BLOCK_CAPTURE_AUTORELEASING = YES;
				CLANG_WARN_BOOL_CONVERSION = YES;
				CLANG_WARN_COMMA = YES;
				CLANG_WARN_CONSTANT_CONVERSION = YES;
				CLANG_WARN_DEPRECATED_OBJC_IMPLEMENTATIONS = YES;
				CLANG_WARN_DIRECT_OBJC_ISA_USAGE = YES_ERROR;
				CLANG_WARN_DOCUMENTATION_COMMENTS = YES;
				CLANG_WARN_EMPTY_BODY = YES;
				CLANG_WARN_ENUM_CONVERSION = YES;
				CLANG_WARN_INFINITE_RECURSION = YES;
				CLANG_WARN_INT_CONVERSION = YES;
				CLANG_WARN_NON_LITERAL_NULL_CONVERSION = YES;
				CLANG_WARN_OBJC_IMPLICIT_RETAIN_SELF = YES;
				CLANG_WARN_OBJC_LITERAL_CONVERSION = YES;
				CLANG_WARN_OBJC_ROOT_CLASS = YES_ERROR;
				CLANG_WARN_RANGE_LOOP_ANALYSIS = YES;
				CLANG_WARN_STRICT_PROTOTYPES = YES;
				CLANG_WARN_SUSPICIOUS_MOVE = YES;
				CLANG_WARN_UNGUARDED_AVAILABILITY = YES_AGGRESSIVE;
				CLANG_WARN_UNREACHABLE_CODE = YES;
				CLANG_WARN__DUPLICATE_METHOD_MATCH = YES;
				CODE_SIGN_IDENTITY = "iPhone Developer";
				COPY_PHASE_STRIP = NO;
				DEBUG_INFORMATION_FORMAT = dwarf;
				ENABLE_STRICT_OBJC_MSGSEND = YES;
				ENABLE_TESTABILITY = YES;
				GCC_C_LANGUAGE_STANDARD = gnu11;
				GCC_DYNAMIC_NO_PIC = NO;
				GCC_NO_COMMON_BLOCKS = YES;
				GCC_OPTIMIZATION_LEVEL = 0;
				GCC_PREPROCESSOR_DEFINITIONS = (
					"DEBUG=1",
					"$(inherited)",
				);
				GCC_WARN_64_TO_32_BIT_CONVERSION = YES;
				GCC_WARN_ABOUT_RETURN_TYPE = YES_ERROR;
				GCC_WARN_UNDECLARED_SELECTOR = YES;
				GCC_WARN_UNINITIALIZED_AUTOS = YES_AGGRESSIVE;
				GCC_WARN_UNUSED_FUNCTION = YES;
				GCC_WARN_UNUSED_VARIABLE = YES;
				IPHONEOS_DEPLOYMENT_TARGET = 12.1;
				MTL_ENABLE_DEBUG_INFO = INCLUDE_SOURCE;
				MTL_FAST_MATH = YES;
				ONLY_ACTIVE_ARCH = YES;
				SDKROOT = iphoneos;
				SWIFT_ACTIVE_COMPILATION_CONDITIONS = DEBUG;
				SWIFT_OPTIMIZATION_LEVEL = "-Onone";
			};
			name = Debug;
		};
		C2874C3E21EFF27F00E64E86 /* Release */ = {
			isa = XCBuildConfiguration;
			buildSettings = {
				ALWAYS_SEARCH_USER_PATHS = NO;
				CLANG_ANALYZER_NONNULL = YES;
				CLANG_ANALYZER_NUMBER_OBJECT_CONVERSION = YES_AGGRESSIVE;
				CLANG_CXX_LANGUAGE_STANDARD = "gnu++14";
				CLANG_CXX_LIBRARY = "libc++";
				CLANG_ENABLE_MODULES = YES;
				CLANG_ENABLE_OBJC_ARC = YES;
				CLANG_ENABLE_OBJC_WEAK = YES;
				CLANG_WARN_BLOCK_CAPTURE_AUTORELEASING = YES;
				CLANG_WARN_BOOL_CONVERSION = YES;
				CLANG_WARN_COMMA = YES;
				CLANG_WARN_CONSTANT_CONVERSION = YES;
				CLANG_WARN_DEPRECATED_OBJC_IMPLEMENTATIONS = YES;
				CLANG_WARN_DIRECT_OBJC_ISA_USAGE = YES_ERROR;
				CLANG_WARN_DOCUMENTATION_COMMENTS = YES;
				CLANG_WARN_EMPTY_BODY = YES;
				CLANG_WARN_ENUM_CONVERSION = YES;
				CLANG_WARN_INFINITE_RECURSION = YES;
				CLANG_WARN_INT_CONVERSION = YES;
				CLANG_WARN_NON_LITERAL_NULL_CONVERSION = YES;
				CLANG_WARN_OBJC_IMPLICIT_RETAIN_SELF = YES;
				CLANG_WARN_OBJC_LITERAL_CONVERSION = YES;
				CLANG_WARN_OBJC_ROOT_CLASS = YES_ERROR;
				CLANG_WARN_RANGE_LOOP_ANALYSIS = YES;
				CLANG_WARN_STRICT_PROTOTYPES = YES;
				CLANG_WARN_SUSPICIOUS_MOVE = YES;
				CLANG_WARN_UNGUARDED_AVAILABILITY = YES_AGGRESSIVE;
				CLANG_WARN_UNREACHABLE_CODE = YES;
				CLANG_WARN__DUPLICATE_METHOD_MATCH = YES;
				CODE_SIGN_IDENTITY = "iPhone Developer";
				COPY_PHASE_STRIP = NO;
				DEBUG_INFORMATION_FORMAT = "dwarf-with-dsym";
				ENABLE_NS_ASSERTIONS = NO;
				ENABLE_STRICT_OBJC_MSGSEND = YES;
				GCC_C_LANGUAGE_STANDARD = gnu11;
				GCC_NO_COMMON_BLOCKS = YES;
				GCC_WARN_64_TO_32_BIT_CONVERSION = YES;
				GCC_WARN_ABOUT_RETURN_TYPE = YES_ERROR;
				GCC_WARN_UNDECLARED_SELECTOR = YES;
				GCC_WARN_UNINITIALIZED_AUTOS = YES_AGGRESSIVE;
				GCC_WARN_UNUSED_FUNCTION = YES;
				GCC_WARN_UNUSED_VARIABLE = YES;
				IPHONEOS_DEPLOYMENT_TARGET = 12.1;
				MTL_ENABLE_DEBUG_INFO = NO;
				MTL_FAST_MATH = YES;
				SDKROOT = iphoneos;
				SWIFT_COMPILATION_MODE = wholemodule;
				SWIFT_OPTIMIZATION_LEVEL = "-O";
				VALIDATE_PRODUCT = YES;
			};
			name = Release;
		};
		C2874C4021EFF27F00E64E86 /* Debug */ = {
			isa = XCBuildConfiguration;
			buildSettings = {
				ASSETCATALOG_COMPILER_APPICON_NAME = AppIcon;
				CODE_SIGN_STYLE = Automatic;
				DEVELOPMENT_TEAM = ZMCS57K2XJ;
				INFOPLIST_FILE = Tumblr/Info.plist;
				LD_RUNPATH_SEARCH_PATHS = (
					"$(inherited)",
					"@executable_path/Frameworks",
				);
				PRODUCT_BUNDLE_IDENTIFIER = individual.Tumblr;
				PRODUCT_NAME = "$(TARGET_NAME)";
				SWIFT_VERSION = 4.2;
				TARGETED_DEVICE_FAMILY = "1,2";
			};
			name = Debug;
		};
		C2874C4121EFF27F00E64E86 /* Release */ = {
			isa = XCBuildConfiguration;
			buildSettings = {
				ASSETCATALOG_COMPILER_APPICON_NAME = AppIcon;
				CODE_SIGN_STYLE = Automatic;
				DEVELOPMENT_TEAM = ZMCS57K2XJ;
				INFOPLIST_FILE = Tumblr/Info.plist;
				LD_RUNPATH_SEARCH_PATHS = (
					"$(inherited)",
					"@executable_path/Frameworks",
				);
				PRODUCT_BUNDLE_IDENTIFIER = individual.Tumblr;
				PRODUCT_NAME = "$(TARGET_NAME)";
				SWIFT_VERSION = 4.2;
				TARGETED_DEVICE_FAMILY = "1,2";
			};
			name = Release;
		};
		C2874C4321EFF27F00E64E86 /* Debug */ = {
			isa = XCBuildConfiguration;
			buildSettings = {
				ALWAYS_EMBED_SWIFT_STANDARD_LIBRARIES = YES;
				BUNDLE_LOADER = "$(TEST_HOST)";
				CODE_SIGN_STYLE = Automatic;
				DEVELOPMENT_TEAM = ZMCS57K2XJ;
				INFOPLIST_FILE = TumblrTests/Info.plist;
				LD_RUNPATH_SEARCH_PATHS = (
					"$(inherited)",
					"@executable_path/Frameworks",
					"@loader_path/Frameworks",
				);
				PRODUCT_BUNDLE_IDENTIFIER = individual.TumblrTests;
				PRODUCT_NAME = "$(TARGET_NAME)";
				SWIFT_VERSION = 4.2;
				TARGETED_DEVICE_FAMILY = "1,2";
				TEST_HOST = "$(BUILT_PRODUCTS_DIR)/Tumblr.app/Tumblr";
			};
			name = Debug;
		};
		C2874C4421EFF27F00E64E86 /* Release */ = {
			isa = XCBuildConfiguration;
			buildSettings = {
				ALWAYS_EMBED_SWIFT_STANDARD_LIBRARIES = YES;
				BUNDLE_LOADER = "$(TEST_HOST)";
				CODE_SIGN_STYLE = Automatic;
				DEVELOPMENT_TEAM = ZMCS57K2XJ;
				INFOPLIST_FILE = TumblrTests/Info.plist;
				LD_RUNPATH_SEARCH_PATHS = (
					"$(inherited)",
					"@executable_path/Frameworks",
					"@loader_path/Frameworks",
				);
				PRODUCT_BUNDLE_IDENTIFIER = individual.TumblrTests;
				PRODUCT_NAME = "$(TARGET_NAME)";
				SWIFT_VERSION = 4.2;
				TARGETED_DEVICE_FAMILY = "1,2";
				TEST_HOST = "$(BUILT_PRODUCTS_DIR)/Tumblr.app/Tumblr";
			};
			name = Release;
		};
		C2874C4621EFF27F00E64E86 /* Debug */ = {
			isa = XCBuildConfiguration;
			buildSettings = {
				ALWAYS_EMBED_SWIFT_STANDARD_LIBRARIES = YES;
				CODE_SIGN_STYLE = Automatic;
				DEVELOPMENT_TEAM = ZMCS57K2XJ;
				INFOPLIST_FILE = TumblrUITests/Info.plist;
				LD_RUNPATH_SEARCH_PATHS = (
					"$(inherited)",
					"@executable_path/Frameworks",
					"@loader_path/Frameworks",
				);
				PRODUCT_BUNDLE_IDENTIFIER = individual.TumblrUITests;
				PRODUCT_NAME = "$(TARGET_NAME)";
				SWIFT_VERSION = 4.2;
				TARGETED_DEVICE_FAMILY = "1,2";
				TEST_TARGET_NAME = Tumblr;
			};
			name = Debug;
		};
		C2874C4721EFF27F00E64E86 /* Release */ = {
			isa = XCBuildConfiguration;
			buildSettings = {
				ALWAYS_EMBED_SWIFT_STANDARD_LIBRARIES = YES;
				CODE_SIGN_STYLE = Automatic;
				DEVELOPMENT_TEAM = ZMCS57K2XJ;
				INFOPLIST_FILE = TumblrUITests/Info.plist;
				LD_RUNPATH_SEARCH_PATHS = (
					"$(inherited)",
					"@executable_path/Frameworks",
					"@loader_path/Frameworks",
				);
				PRODUCT_BUNDLE_IDENTIFIER = individual.TumblrUITests;
				PRODUCT_NAME = "$(TARGET_NAME)";
				SWIFT_VERSION = 4.2;
				TARGETED_DEVICE_FAMILY = "1,2";
				TEST_TARGET_NAME = Tumblr;
			};
			name = Release;
		};
/* End XCBuildConfiguration section */

/* Begin XCConfigurationList section */
		C2874C1221EFF27D00E64E86 /* Build configuration list for PBXProject "Tumblr" */ = {
			isa = XCConfigurationList;
			buildConfigurations = (
				C2874C3D21EFF27F00E64E86 /* Debug */,
				C2874C3E21EFF27F00E64E86 /* Release */,
			);
			defaultConfigurationIsVisible = 0;
			defaultConfigurationName = Release;
		};
		C2874C3F21EFF27F00E64E86 /* Build configuration list for PBXNativeTarget "Tumblr" */ = {
			isa = XCConfigurationList;
			buildConfigurations = (
				C2874C4021EFF27F00E64E86 /* Debug */,
				C2874C4121EFF27F00E64E86 /* Release */,
			);
			defaultConfigurationIsVisible = 0;
			defaultConfigurationName = Release;
		};
		C2874C4221EFF27F00E64E86 /* Build configuration list for PBXNativeTarget "TumblrTests" */ = {
			isa = XCConfigurationList;
			buildConfigurations = (
				C2874C4321EFF27F00E64E86 /* Debug */,
				C2874C4421EFF27F00E64E86 /* Release */,
			);
			defaultConfigurationIsVisible = 0;
			defaultConfigurationName = Release;
		};
		C2874C4521EFF27F00E64E86 /* Build configuration list for PBXNativeTarget "TumblrUITests" */ = {
			isa = XCConfigurationList;
			buildConfigurations = (
				C2874C4621EFF27F00E64E86 /* Debug */,
				C2874C4721EFF27F00E64E86 /* Release */,
			);
			defaultConfigurationIsVisible = 0;
			defaultConfigurationName = Release;
		};
/* End XCConfigurationList section */
	};
	rootObject = C2874C0F21EFF27D00E64E86 /* Project object */;
}
